// !$*UTF8*$!
{
	archiveVersion = 1;
	classes = {
	};
	objectVersion = 56;
	objects = {

/* Begin PBXBuildFile section */
		D40871EE2B21E5D00096CD55 /* AppDelegate.swift in Sources */ = {isa = PBXBuildFile; fileRef = D40871ED2B21E5D00096CD55 /* AppDelegate.swift */; };
		D40871F02B21E5D00096CD55 /* SceneDelegate.swift in Sources */ = {isa = PBXBuildFile; fileRef = D40871EF2B21E5D00096CD55 /* SceneDelegate.swift */; };
		D40871F52B21E5D00096CD55 /* Main.storyboard in Resources */ = {isa = PBXBuildFile; fileRef = D40871F32B21E5D00096CD55 /* Main.storyboard */; };
		D40871F72B21E5D10096CD55 /* Assets.xcassets in Resources */ = {isa = PBXBuildFile; fileRef = D40871F62B21E5D10096CD55 /* Assets.xcassets */; };
		D40871FA2B21E5D10096CD55 /* LaunchScreen.storyboard in Resources */ = {isa = PBXBuildFile; fileRef = D40871F82B21E5D10096CD55 /* LaunchScreen.storyboard */; };
		D40872072B21E8860096CD55 /* ViewController2.swift in Sources */ = {isa = PBXBuildFile; fileRef = D40872062B21E8860096CD55 /* ViewController2.swift */; };
		D4C736782B2898C800BD48EA /* guitarvisionML5.mlmodel in Sources */ = {isa = PBXBuildFile; fileRef = D4C736772B2898C700BD48EA /* guitarvisionML5.mlmodel */; };
/* End PBXBuildFile section */

/* Begin PBXFileReference section */
		D40871EA2B21E5D00096CD55 /* guitarvision.app */ = {isa = PBXFileReference; explicitFileType = wrapper.application; includeInIndex = 0; path = guitarvision.app; sourceTree = BUILT_PRODUCTS_DIR; };
		D40871ED2B21E5D00096CD55 /* AppDelegate.swift */ = {isa = PBXFileReference; lastKnownFileType = sourcecode.swift; path = AppDelegate.swift; sourceTree = "<group>"; };
		D40871EF2B21E5D00096CD55 /* SceneDelegate.swift */ = {isa = PBXFileReference; lastKnownFileType = sourcecode.swift; path = SceneDelegate.swift; sourceTree = "<group>"; };
		D40871F42B21E5D00096CD55 /* Base */ = {isa = PBXFileReference; lastKnownFileType = file.storyboard; name = Base; path = Base.lproj/Main.storyboard; sourceTree = "<group>"; };
		D40871F62B21E5D10096CD55 /* Assets.xcassets */ = {isa = PBXFileReference; lastKnownFileType = folder.assetcatalog; path = Assets.xcassets; sourceTree = "<group>"; };
		D40871F92B21E5D10096CD55 /* Base */ = {isa = PBXFileReference; lastKnownFileType = file.storyboard; name = Base; path = Base.lproj/LaunchScreen.storyboard; sourceTree = "<group>"; };
		D40871FB2B21E5D10096CD55 /* Info.plist */ = {isa = PBXFileReference; lastKnownFileType = text.plist.xml; path = Info.plist; sourceTree = "<group>"; };
		D40872062B21E8860096CD55 /* ViewController2.swift */ = {isa = PBXFileReference; lastKnownFileType = sourcecode.swift; path = ViewController2.swift; sourceTree = "<group>"; };
		D4C736772B2898C700BD48EA /* guitarvisionML5.mlmodel */ = {isa = PBXFileReference; lastKnownFileType = file.mlmodel; path = guitarvisionML5.mlmodel; sourceTree = "<group>"; };
/* End PBXFileReference section */

/* Begin PBXFrameworksBuildPhase section */
		D40871E72B21E5D00096CD55 /* Frameworks */ = {
			isa = PBXFrameworksBuildPhase;
			buildActionMask = 2147483647;
			files = (
			);
			runOnlyForDeploymentPostprocessing = 0;
		};
/* End PBXFrameworksBuildPhase section */

/* Begin PBXGroup section */
		D40871E12B21E5D00096CD55 = {
			isa = PBXGroup;
			children = (
				D40871EC2B21E5D00096CD55 /* guitarvision */,
				D40871EB2B21E5D00096CD55 /* Products */,
			);
			sourceTree = "<group>";
		};
		D40871EB2B21E5D00096CD55 /* Products */ = {
			isa = PBXGroup;
			children = (
				D40871EA2B21E5D00096CD55 /* guitarvision.app */,
			);
			name = Products;
			sourceTree = "<group>";
		};
		D40871EC2B21E5D00096CD55 /* guitarvision */ = {
			isa = PBXGroup;
			children = (
				D40871ED2B21E5D00096CD55 /* AppDelegate.swift */,
				D40871EF2B21E5D00096CD55 /* SceneDelegate.swift */,
				D40872032B21E61A0096CD55 /* Model */,
				D40872012B21E5EB0096CD55 /* View */,
				D40872022B21E5F50096CD55 /* Controller */,
				D40871F62B21E5D10096CD55 /* Assets.xcassets */,
				D40871F82B21E5D10096CD55 /* LaunchScreen.storyboard */,
				D40871FB2B21E5D10096CD55 /* Info.plist */,
				D4C736772B2898C700BD48EA /* guitarvisionML5.mlmodel */,
			);
			path = guitarvision;
			sourceTree = "<group>";
		};
		D40872012B21E5EB0096CD55 /* View */ = {
			isa = PBXGroup;
			children = (
				D40871F32B21E5D00096CD55 /* Main.storyboard */,
			);
			path = View;
			sourceTree = "<group>";
		};
		D40872022B21E5F50096CD55 /* Controller */ = {
			isa = PBXGroup;
			children = (
				D40872062B21E8860096CD55 /* ViewController2.swift */,
			);
			path = Controller;
			sourceTree = "<group>";
		};
		D40872032B21E61A0096CD55 /* Model */ = {
			isa = PBXGroup;
			children = (
			);
			path = Model;
			sourceTree = "<group>";
		};
/* End PBXGroup section */

/* Begin PBXNativeTarget section */
		D40871E92B21E5D00096CD55 /* guitarvision */ = {
			isa = PBXNativeTarget;
			buildConfigurationList = D40871FE2B21E5D10096CD55 /* Build configuration list for PBXNativeTarget "guitarvision" */;
			buildPhases = (
				D40871E62B21E5D00096CD55 /* Sources */,
				D40871E72B21E5D00096CD55 /* Frameworks */,
				D40871E82B21E5D00096CD55 /* Resources */,
			);
			buildRules = (
			);
			dependencies = (
			);
			name = guitarvision;
			productName = guitarvision;
			productReference = D40871EA2B21E5D00096CD55 /* guitarvision.app */;
			productType = "com.apple.product-type.application";
		};
/* End PBXNativeTarget section */

/* Begin PBXProject section */
		D40871E22B21E5D00096CD55 /* Project object */ = {
			isa = PBXProject;
			attributes = {
				BuildIndependentTargetsInParallel = 1;
				LastSwiftUpdateCheck = 1500;
				LastUpgradeCheck = 1500;
				TargetAttributes = {
					D40871E92B21E5D00096CD55 = {
						CreatedOnToolsVersion = 15.0.1;
					};
				};
			};
			buildConfigurationList = D40871E52B21E5D00096CD55 /* Build configuration list for PBXProject "guitarvision" */;
			compatibilityVersion = "Xcode 14.0";
			developmentRegion = en;
			hasScannedForEncodings = 0;
			knownRegions = (
				en,
				Base,
			);
			mainGroup = D40871E12B21E5D00096CD55;
			productRefGroup = D40871EB2B21E5D00096CD55 /* Products */;
			projectDirPath = "";
			projectRoot = "";
			targets = (
				D40871E92B21E5D00096CD55 /* guitarvision */,
			);
		};
/* End PBXProject section */

/* Begin PBXResourcesBuildPhase section */
		D40871E82B21E5D00096CD55 /* Resources */ = {
			isa = PBXResourcesBuildPhase;
			buildActionMask = 2147483647;
			files = (
				D40871FA2B21E5D10096CD55 /* LaunchScreen.storyboard in Resources */,
				D40871F72B21E5D10096CD55 /* Assets.xcassets in Resources */,
				D40871F52B21E5D00096CD55 /* Main.storyboard in Resources */,
			);
			runOnlyForDeploymentPostprocessing = 0;
		};
/* End PBXResourcesBuildPhase section */

/* Begin PBXSourcesBuildPhase section */
		D40871E62B21E5D00096CD55 /* Sources */ = {
			isa = PBXSourcesBuildPhase;
			buildActionMask = 2147483647;
			files = (
				D40872072B21E8860096CD55 /* ViewController2.swift in Sources */,
				D40871EE2B21E5D00096CD55 /* AppDelegate.swift in Sources */,
				D4C736782B2898C800BD48EA /* guitarvisionML5.mlmodel in Sources */,
				D40871F02B21E5D00096CD55 /* SceneDelegate.swift in Sources */,
			);
			runOnlyForDeploymentPostprocessing = 0;
		};
/* End PBXSourcesBuildPhase section */

/* Begin PBXVariantGroup section */
		D40871F32B21E5D00096CD55 /* Main.storyboard */ = {
			isa = PBXVariantGroup;
			children = (
				D40871F42B21E5D00096CD55 /* Base */,
			);
			name = Main.storyboard;
			sourceTree = "<group>";
		};
		D40871F82B21E5D10096CD55 /* LaunchScreen.storyboard */ = {
			isa = PBXVariantGroup;
			children = (
				D40871F92B21E5D10096CD55 /* Base */,
			);
			name = LaunchScreen.storyboard;
			sourceTree = "<group>";
		};
/* End PBXVariantGroup section */

/* Begin XCBuildConfiguration section */
		D40871FC2B21E5D10096CD55 /* Debug */ = {
			isa = XCBuildConfiguration;
			buildSettings = {
				ALWAYS_SEARCH_USER_PATHS = NO;
				ASSETCATALOG_COMPILER_GENERATE_SWIFT_ASSET_SYMBOL_EXTENSIONS = YES;
				CLANG_ANALYZER_NONNULL = YES;
				CLANG_ANALYZER_NUMBER_OBJECT_CONVERSION = YES_AGGRESSIVE;
				CLANG_CXX_LANGUAGE_STANDARD = "gnu++20";
				CLANG_ENABLE_MODULES = YES;
				CLANG_ENABLE_OBJC_ARC = YES;
				CLANG_ENABLE_OBJC_WEAK = YES;
				CLANG_WARN_BLOCK_CAPTURE_AUTORELEASING = YES;
				CLANG_WARN_BOOL_CONVERSION = YES;
				CLANG_WARN_COMMA = YES;
				CLANG_WARN_CONSTANT_CONVERSION = YES;
				CLANG_WARN_DEPRECATED_OBJC_IMPLEMENTATIONS = YES;
				CLANG_WARN_DIRECT_OBJC_ISA_USAGE = YES_ERROR;
				CLANG_WARN_DOCUMENTATION_COMMENTS = YES;
				CLANG_WARN_EMPTY_BODY = YES;
				CLANG_WARN_ENUM_CONVERSION = YES;
				CLANG_WARN_INFINITE_RECURSION = YES;
				CLANG_WARN_INT_CONVERSION = YES;
				CLANG_WARN_NON_LITERAL_NULL_CONVERSION = YES;
				CLANG_WARN_OBJC_IMPLICIT_RETAIN_SELF = YES;
				CLANG_WARN_OBJC_LITERAL_CONVERSION = YES;
				CLANG_WARN_OBJC_ROOT_CLASS = YES_ERROR;
				CLANG_WARN_QUOTED_INCLUDE_IN_FRAMEWORK_HEADER = YES;
				CLANG_WARN_RANGE_LOOP_ANALYSIS = YES;
				CLANG_WARN_STRICT_PROTOTYPES = YES;
				CLANG_WARN_SUSPICIOUS_MOVE = YES;
				CLANG_WARN_UNGUARDED_AVAILABILITY = YES_AGGRESSIVE;
				CLANG_WARN_UNREACHABLE_CODE = YES;
				CLANG_WARN__DUPLICATE_METHOD_MATCH = YES;
				COPY_PHASE_STRIP = NO;
				DEBUG_INFORMATION_FORMAT = dwarf;
				ENABLE_STRICT_OBJC_MSGSEND = YES;
				ENABLE_TESTABILITY = YES;
				ENABLE_USER_SCRIPT_SANDBOXING = YES;
				GCC_C_LANGUAGE_STANDARD = gnu17;
				GCC_DYNAMIC_NO_PIC = NO;
				GCC_NO_COMMON_BLOCKS = YES;
				GCC_OPTIMIZATION_LEVEL = 0;
				GCC_PREPROCESSOR_DEFINITIONS = (
					"DEBUG=1",
					"$(inherited)",
				);
				GCC_WARN_64_TO_32_BIT_CONVERSION = YES;
				GCC_WARN_ABOUT_RETURN_TYPE = YES_ERROR;
				GCC_WARN_UNDECLARED_SELECTOR = YES;
				GCC_WARN_UNINITIALIZED_AUTOS = YES_AGGRESSIVE;
				GCC_WARN_UNUSED_FUNCTION = YES;
				GCC_WARN_UNUSED_VARIABLE = YES;
				IPHONEOS_DEPLOYMENT_TARGET = 17.0;
				LOCALIZATION_PREFERS_STRING_CATALOGS = YES;
				MTL_ENABLE_DEBUG_INFO = INCLUDE_SOURCE;
				MTL_FAST_MATH = YES;
				ONLY_ACTIVE_ARCH = YES;
				SDKROOT = iphoneos;
				SWIFT_ACTIVE_COMPILATION_CONDITIONS = "DEBUG $(inherited)";
				SWIFT_OPTIMIZATION_LEVEL = "-Onone";
			};
			name = Debug;
		};
		D40871FD2B21E5D10096CD55 /* Release */ = {
			isa = XCBuildConfiguration;
			buildSettings = {
				ALWAYS_SEARCH_USER_PATHS = NO;
				ASSETCATALOG_COMPILER_GENERATE_SWIFT_ASSET_SYMBOL_EXTENSIONS = YES;
				CLANG_ANALYZER_NONNULL = YES;
				CLANG_ANALYZER_NUMBER_OBJECT_CONVERSION = YES_AGGRESSIVE;
				CLANG_CXX_LANGUAGE_STANDARD = "gnu++20";
				CLANG_ENABLE_MODULES = YES;
				CLANG_ENABLE_OBJC_ARC = YES;
				CLANG_ENABLE_OBJC_WEAK = YES;
				CLANG_WARN_BLOCK_CAPTURE_AUTORELEASING = YES;
				CLANG_WARN_BOOL_CONVERSION = YES;
				CLANG_WARN_COMMA = YES;
				CLANG_WARN_CONSTANT_CONVERSION = YES;
				CLANG_WARN_DEPRECATED_OBJC_IMPLEMENTATIONS = YES;
				CLANG_WARN_DIRECT_OBJC_ISA_USAGE = YES_ERROR;
				CLANG_WARN_DOCUMENTATION_COMMENTS = YES;
				CLANG_WARN_EMPTY_BODY = YES;
				CLANG_WARN_ENUM_CONVERSION = YES;
				CLANG_WARN_INFINITE_RECURSION = YES;
				CLANG_WARN_INT_CONVERSION = YES;
				CLANG_WARN_NON_LITERAL_NULL_CONVERSION = YES;
				CLANG_WARN_OBJC_IMPLICIT_RETAIN_SELF = YES;
				CLANG_WARN_OBJC_LITERAL_CONVERSION = YES;
				CLANG_WARN_OBJC_ROOT_CLASS = YES_ERROR;
				CLANG_WARN_QUOTED_INCLUDE_IN_FRAMEWORK_HEADER = YES;
				CLANG_WARN_RANGE_LOOP_ANALYSIS = YES;
				CLANG_WARN_STRICT_PROTOTYPES = YES;
				CLANG_WARN_SUSPICIOUS_MOVE = YES;
				CLANG_WARN_UNGUARDED_AVAILABILITY = YES_AGGRESSIVE;
				CLANG_WARN_UNREACHABLE_CODE = YES;
				CLANG_WARN__DUPLICATE_METHOD_MATCH = YES;
				COPY_PHASE_STRIP = NO;
				DEBUG_INFORMATION_FORMAT = "dwarf-with-dsym";
				ENABLE_NS_ASSERTIONS = NO;
				ENABLE_STRICT_OBJC_MSGSEND = YES;
				ENABLE_USER_SCRIPT_SANDBOXING = YES;
				GCC_C_LANGUAGE_STANDARD = gnu17;
				GCC_NO_COMMON_BLOCKS = YES;
				GCC_WARN_64_TO_32_BIT_CONVERSION = YES;
				GCC_WARN_ABOUT_RETURN_TYPE = YES_ERROR;
				GCC_WARN_UNDECLARED_SELECTOR = YES;
				GCC_WARN_UNINITIALIZED_AUTOS = YES_AGGRESSIVE;
				GCC_WARN_UNUSED_FUNCTION = YES;
				GCC_WARN_UNUSED_VARIABLE = YES;
				IPHONEOS_DEPLOYMENT_TARGET = 17.0;
				LOCALIZATION_PREFERS_STRING_CATALOGS = YES;
				MTL_ENABLE_DEBUG_INFO = NO;
				MTL_FAST_MATH = YES;
				SDKROOT = iphoneos;
				SWIFT_COMPILATION_MODE = wholemodule;
				VALIDATE_PRODUCT = YES;
			};
			name = Release;
		};
		D40871FF2B21E5D10096CD55 /* Debug */ = {
			isa = XCBuildConfiguration;
			buildSettings = {
				ASSETCATALOG_COMPILER_APPICON_NAME = AppIcon;
				ASSETCATALOG_COMPILER_GLOBAL_ACCENT_COLOR_NAME = AccentColor;
				CODE_SIGN_STYLE = Automatic;
				CURRENT_PROJECT_VERSION = 1;
				DEVELOPMENT_TEAM = 7G2XL65W3G;
				GENERATE_INFOPLIST_FILE = YES;
				INFOPLIST_FILE = guitarvision/Info.plist;
				INFOPLIST_KEY_UIApplicationSupportsIndirectInputEvents = YES;
				INFOPLIST_KEY_UILaunchStoryboardName = LaunchScreen;
				INFOPLIST_KEY_UIMainStoryboardFile = Main;
				INFOPLIST_KEY_UISupportedInterfaceOrientations_iPad = "UIInterfaceOrientationPortrait UIInterfaceOrientationPortraitUpsideDown UIInterfaceOrientationLandscapeLeft UIInterfaceOrientationLandscapeRight";
				INFOPLIST_KEY_UISupportedInterfaceOrientations_iPhone = "UIInterfaceOrientationPortrait UIInterfaceOrientationLandscapeLeft UIInterfaceOrientationLandscapeRight";
				LD_RUNPATH_SEARCH_PATHS = (
					"$(inherited)",
					"@executable_path/Frameworks",
				);
				MARKETING_VERSION = 1.0;
				PRODUCT_BUNDLE_IDENTIFIER = "com.dennis-muenchow.guitarvision";
				PRODUCT_NAME = "$(TARGET_NAME)";
				SWIFT_EMIT_LOC_STRINGS = YES;
				SWIFT_VERSION = 5.0;
				TARGETED_DEVICE_FAMILY = "1,2";
			};
			name = Debug;
		};
		D40872002B21E5D10096CD55 /* Release */ = {
			isa = XCBuildConfiguration;
			buildSettings = {
				ASSETCATALOG_COMPILER_APPICON_NAME = AppIcon;
				ASSETCATALOG_COMPILER_GLOBAL_ACCENT_COLOR_NAME = AccentColor;
				CODE_SIGN_STYLE = Automatic;
				CURRENT_PROJECT_VERSION = 1;
				DEVELOPMENT_TEAM = 7G2XL65W3G;
				GENERATE_INFOPLIST_FILE = YES;
				INFOPLIST_FILE = guitarvision/Info.plist;
				INFOPLIST_KEY_UIApplicationSupportsIndirectInputEvents = YES;
				INFOPLIST_KEY_UILaunchStoryboardName = LaunchScreen;
				INFOPLIST_KEY_UIMainStoryboardFile = Main;
				INFOPLIST_KEY_UISupportedInterfaceOrientations_iPad = "UIInterfaceOrientationPortrait UIInterfaceOrientationPortraitUpsideDown UIInterfaceOrientationLandscapeLeft UIInterfaceOrientationLandscapeRight";
				INFOPLIST_KEY_UISupportedInterfaceOrientations_iPhone = "UIInterfaceOrientationPortrait UIInterfaceOrientationLandscapeLeft UIInterfaceOrientationLandscapeRight";
				LD_RUNPATH_SEARCH_PATHS = (
					"$(inherited)",
					"@executable_path/Frameworks",
				);
				MARKETING_VERSION = 1.0;
				PRODUCT_BUNDLE_IDENTIFIER = "com.dennis-muenchow.guitarvision";
				PRODUCT_NAME = "$(TARGET_NAME)";
				SWIFT_EMIT_LOC_STRINGS = YES;
				SWIFT_VERSION = 5.0;
				TARGETED_DEVICE_FAMILY = "1,2";
			};
			name = Release;
		};
/* End XCBuildConfiguration section */

/* Begin XCConfigurationList section */
		D40871E52B21E5D00096CD55 /* Build configuration list for PBXProject "guitarvision" */ = {
			isa = XCConfigurationList;
			buildConfigurations = (
				D40871FC2B21E5D10096CD55 /* Debug */,
				D40871FD2B21E5D10096CD55 /* Release */,
			);
			defaultConfigurationIsVisible = 0;
			defaultConfigurationName = Release;
		};
		D40871FE2B21E5D10096CD55 /* Build configuration list for PBXNativeTarget "guitarvision" */ = {
			isa = XCConfigurationList;
			buildConfigurations = (
				D40871FF2B21E5D10096CD55 /* Debug */,
				D40872002B21E5D10096CD55 /* Release */,
			);
			defaultConfigurationIsVisible = 0;
			defaultConfigurationName = Release;
		};
/* End XCConfigurationList section */
	};
	rootObject = D40871E22B21E5D00096CD55 /* Project object */;
}
