PODS:
  - Alamofire (5.6.4)
  - SwiftyJSON (5.0.1)

DEPENDENCIES:
  - Alamofire (~> 5.6.4)
  - SwiftyJSON

SPEC REPOS:
  trunk:
    - Alamofire
    - SwiftyJSON

SPEC CHECKSUMS:
  Alamofire: 4e95d97098eacb88856099c4fc79b526a299e48c
  SwiftyJSON: 2f33a42c6fbc52764d96f13368585094bfd8aa5e

PODFILE CHECKSUM: be0b308fbc3eebc40bf05ed12e604eac4b01c2b7

COCOAPODS: 1.13.0
